{"format_version":"1.0","provider_schemas":{"registry.terraform.io/jfrog/platform":{"provider":{"version":0,"block":{"attributes":{"access_token":{"type":"string","description":"This is a access token that can be given to you by your admin under `Platform Configuration -\u003e User Management -\u003e Access Tokens`. This can also be sourced from the `JFROG_ACCESS_TOKEN` environment variable.","description_kind":"markdown","optional":true,"sensitive":true},"oidc_provider_name":{"type":"string","description":"OIDC provider name. See [Configure an OIDC Integration](https://jfrog.com/help/r/jfrog-platform-administration-documentation/configure-an-oidc-integration) for more details.","description_kind":"markdown","optional":true},"tfc_credential_tag_name":{"type":"string","description":"Terraform Cloud Workload Identity Token tag name. Use for generating multiple TFC workload identity tokens. When set, the provider will attempt to use env var with this tag name as suffix. **Note:** this is case sensitive, so if set to `JFROG`, then env var `TFC_WORKLOAD_IDENTITY_TOKEN_JFROG` is used instead of `TFC_WORKLOAD_IDENTITY_TOKEN`. See [Generating Multiple Tokens](https://developer.hashicorp.com/terraform/cloud-docs/workspaces/dynamic-provider-credentials/manual-generation#generating-multiple-tokens) on HCP Terraform for more details.","description_kind":"plain","optional":true},"url":{"type":"string","description":"JFrog Platform URL. This can also be sourced from the `JFROG_URL` environment variable.","description_kind":"markdown","optional":true}},"description_kind":"plain"}},"resource_schemas":{"platform_aws_iam_role":{"version":0,"block":{"attributes":{"iam_role":{"type":"string","description":"The AWS IAM role. Must follow the regex, \"^arn:aws:iam::\\d{12}:role/[\\w+=,.@:-]+$\"","description_kind":"markdown","required":true},"username":{"type":"string","description":"The JFrog Platform user name.","description_kind":"plain","required":true}},"description":"Provides a resource to manage AWS IAM roles for JFrog platform users. You can use the AWS IAM roles for passwordless access to Amazon EKS. For more information, see [Passwordless Access for Amazon EKS](https://jfrog.com/help/r/jfrog-installation-setup-documentation/passwordless-access-for-amazon-eks).\n\n-\u003eOnly available for Artifactory 7.90.10 or later.","description_kind":"markdown"}},"platform_crowd_settings":{"version":0,"block":{"attributes":{"allow_user_to_access_profile":{"type":"bool","description":"Auto created users will have access to their profile page and will be able to perform actions such as generating an API key. Default value is `false`.","description_kind":"markdown","optional":true,"computed":true},"application_name":{"type":"string","description":"The application name configured for JPD in Crowd/JIRA.","description_kind":"markdown","required":true},"auto_user_creation":{"type":"bool","description":"When set, authenticated users are automatically created in Artifactory. When not set, for every request from a Crowd user, the user is temporarily associated with default groups (if such groups are defined), and the permissions for these groups apply. Without automatic user creation, you must manually create the user in Artifactory to manage user permissions not attached to their default groups. Default value is `true`.","description_kind":"markdown","optional":true,"computed":true},"direct_authentication":{"type":"bool","description":"This corresponds to 'Users Management Server' option in Artifactory UI (`true` = JIRA, `false` = Crowd). Default value is `false`.","description_kind":"markdown","optional":true,"computed":true},"enable":{"type":"bool","description":"Use this to enable security integration with Atlassian Crowd or JIRA.","description_kind":"markdown","required":true},"override_all_groups_upon_login":{"type":"bool","description":"When a user logs in with CROWD, only groups retrieved from CROWD will be associated with the user. Default value is `false`.","description_kind":"markdown","optional":true,"computed":true},"password":{"type":"string","description":"The application password configured for JPD in Crowd/JIRA.","description_kind":"markdown","required":true,"sensitive":true},"server_url":{"type":"string","description":"The full URL of the server to use.","description_kind":"markdown","required":true},"session_validation_interval":{"type":"number","description":"The time window (min) during which the session does not need to be validated. If set to `0`, the token expires only when the session expires.","description_kind":"markdown","required":true},"use_default_proxy":{"type":"bool","description":"If a default proxy definition exists, it is used to pass through to the Crowd Server. Default value is `false`.","description_kind":"markdown","optional":true,"computed":true}},"description":"Provides a JFrog [Crowd Settings](https://jfrog.com/help/r/jfrog-platform-administration-documentation/atlassian-crowd-and-jira-integration) resource. This allows you to delegate authentication requests to Atlassian Crowd/JIRA, use authenticated Crowd/JIRA users and have the JPD participate in a transparent SSO environment managed by Crowd/JIRA.","description_kind":"markdown"}},"platform_global_role":{"version":0,"block":{"attributes":{"actions":{"type":["set","string"],"description":"List of actions. Allowed values: READ_REPOSITORY, ANNOTATE_REPOSITORY, DEPLOY_CACHE_REPOSITORY, DELETE_OVERWRITE_REPOSITORY, MANAGE_XRAY_MD_REPOSITORY, READ_RELEASE_BUNDLE, ANNOTATE_RELEASE_BUNDLE, CREATE_RELEASE_BUNDLE, DISTRIBUTE_RELEASE_BUNDLE, DELETE_RELEASE_BUNDLE, MANAGE_XRAY_MD_RELEASE_BUNDLE, READ_BUILD, ANNOTATE_BUILD, DEPLOY_BUILD, DELETE_BUILD, MANAGE_XRAY_MD_BUILD, READ_SOURCES_PIPELINE, TRIGGER_PIPELINE, READ_INTEGRATIONS_PIPELINE, READ_POOLS_PIPELINE, REPORTS_SECURITY, WATCHES_SECURITY, POLICIES_SECURITY, RULES_SECURITY, READ_POLICIES_SECURITY","description_kind":"plain","required":true},"description":{"type":"string","description":"Description of the role","description_kind":"plain","optional":true},"environments":{"type":["set","string"],"description":"List of global or custom environments. A repository can be available in different environments. Members with roles defined in the set environment will have access to the repository.","description_kind":"plain","required":true},"name":{"type":"string","description":"Name of the role","description_kind":"plain","required":true},"type":{"type":"string","description":"Type of the role. Allowed values: ADMIN, CUSTOM_GLOBAL, PREDEFINED","description_kind":"plain","required":true}},"description":"Provides a JFrog [global role](https://jfrog.com/help/r/jfrog-platform-administration-documentation/global-and-project-role-types) resource to manage custom global roles.","description_kind":"markdown"}},"platform_group":{"version":1,"block":{"attributes":{"admin_privileges":{"type":"bool","description":"Any users added to this group will automatically be assigned with admin privileges in the system.","description_kind":"markdown","optional":true,"computed":true},"auto_join":{"type":"bool","description":"When this parameter is set, any new users defined in the system are automatically assigned to this group.","description_kind":"markdown","optional":true,"computed":true},"description":{"type":"string","description":"A description for the group.","description_kind":"markdown","optional":true},"external_id":{"type":"string","description":"New external group ID used to configure the corresponding group in Azure AD.","description_kind":"markdown","optional":true},"members":{"type":["set","string"],"description":"List of users assigned to the group.","description_kind":"markdown","deprecated":true,"optional":true},"name":{"type":"string","description":"Name of the group.","description_kind":"markdown","required":true},"realm":{"type":"string","description":"The realm for the group.","description_kind":"markdown","computed":true},"realm_attributes":{"type":"string","description":"The realm for the group.","description_kind":"markdown","computed":true},"use_group_members_resource":{"type":"bool","description":"When set to `true`, this resource will ignore the `members` attributes and allow memberships to be managed by `platform_group_members` resource instead. Default value is `true`.","description_kind":"markdown","optional":true,"computed":true}},"description":"Provides a group resource to create and manage groups, and manages membership. A group represents a role and is used with RBAC (Role-Based Access Control) rules. See [JFrog documentation](https://jfrog.com/help/r/jfrog-platform-administration-documentation/create-and-edit-groups) for more details.","description_kind":"markdown"}},"platform_group_members":{"version":0,"block":{"attributes":{"members":{"type":["set","string"],"description":"List of users assigned to the group.","description_kind":"markdown","required":true},"name":{"type":"string","description":"Name of the group.","description_kind":"markdown","required":true}},"description":"Provides a resource to manage group membership. See [JFrog documentation](https://jfrog.com/help/r/jfrog-platform-administration-documentation/assign-users-to-groups) for more details.","description_kind":"markdown"}},"platform_http_sso_settings":{"version":0,"block":{"attributes":{"allow_user_to_access_profile":{"type":"bool","description":"Auto created users will have access to their profile page and will be able to perform actions such as generating an API key. Default to `false`.","description_kind":"markdown","optional":true,"computed":true},"auto_create_user":{"type":"bool","description":"When set, authenticated users are automatically created in Artifactory. When not set, for every request from an SSO user, the user is temporarily associated with default groups (if such groups are defined), and the permissions for these groups apply. Without automatic user creation, you must manually create the user inside Artifactory to manage user permissions not attached to their default groups. Default to `false`.","description_kind":"markdown","optional":true,"computed":true},"proxied":{"type":"bool","description":"When set, Artifactory trusts incoming requests and reuses the remote user originally set on the request by the SSO of the HTTP server. This is useful if you want to use existing enterprise SSO integrations, such as the powerful authentication schemes provided by Apache (mod_auth_ldap, mod_auth_ntlm, mod_auth_kerb, etc.). When Artifactory is deployed as a webapp on Tomcat behind Apache: If using mod_jk, be sure to use the `JkEnvVar REMOTE_USER` directive in Apache's configuration.","description_kind":"markdown","required":true},"remote_user_request_variable":{"type":"string","description":"The name of the HTTP request variable to use for extracting the user identity. Default to `REMOTE_USER`.","description_kind":"markdown","optional":true,"computed":true},"sync_ldap_groups":{"type":"bool","description":"When set, the user will be associated with the groups returned in the LDAP login response. Note that the user's association with the returned groups is persistent if the `auto_create_user` is set. Default to `false`.","description_kind":"markdown","optional":true,"computed":true}},"description":"Provides a JFrog [HTTP SSO Settings](https://jfrog.com/help/r/jfrog-platform-administration-documentation/http-sso) resource. This allows you to reuse existing HTTP-based SSO infrastructures with the JFrog Platform Unit (JPD), such as the SSO modules offered by Apache HTTPd.","description_kind":"markdown"}},"platform_license":{"version":0,"block":{"attributes":{"key":{"type":"string","description":"License key. Any newline characters must be represented by escape sequence `\n`","description_kind":"plain","required":true},"licensed_to":{"type":"string","description":"Customer name the license belongs to.","description_kind":"plain","computed":true},"name":{"type":"string","description":"Name of the license","description_kind":"plain","optional":true},"type":{"type":"string","description":"Type of the license.","description_kind":"plain","computed":true},"valid_through":{"type":"string","description":"Date of the license is valid through.","description_kind":"plain","computed":true}},"description":"Provides a JFrog [license](https://jfrog.com/help/r/jfrog-platform-administration-documentation/managing-licenses) resource to install/update license.\n\n~\u003eOnly available for self-hosted instances.","description_kind":"markdown"}},"platform_myjfrog_ip_allowlist":{"version":0,"block":{"attributes":{"ips":{"type":["set","string"],"description":"List of IPs for the JPD allowlist","description_kind":"plain","required":true},"server_name":{"type":"string","description":"Name of the server. If your JFrog URL is `myserver.jfrog.io`, the `server_name` is `myserver`.","description_kind":"markdown","required":true}},"description":"Provides a MyJFrog [IP allowlist](https://jfrog.com/help/r/jfrog-hosting-models-documentation/configure-the-ip/cidr-allowlist) resource to manage list of allow IP/CIDR addresses. To use this resource, you need an access token. Only a Primary Admin can generate MyJFrog tokens. For more information, see [Generate a Token in MyJFrog](https://jfrog.com/help/r/jfrog-hosting-models-documentation/generate-a-token-in-myjfrog).\n\n-\u003eThis resource is supported only on the Cloud (SaaS) platform.\n\n~\u003eThe rate limit is **5 times per hour** for actions that result in a successful outcome (for Create, Update, and Delete actions). See [Allowlist REST API](https://jfrog.com/help/r/jfrog-rest-apis/allowlist-rest-api) for full list of limitations.\n\n!\u003eThis resource is being deprecated and moved to the new provider [jfrog/myjfrog](https://registry.terraform.io/providers/jfrog/myjfrog). Use `myjfrog_ip_allowlist` resource there instead.","description_kind":"markdown","deprecated":true}},"platform_oidc_configuration":{"version":0,"block":{"attributes":{"audience":{"type":"string","description":"Informational field that you can use to include details of the audience that uses the OIDC configuration.","description_kind":"plain","optional":true},"description":{"type":"string","description":"Description of the OIDC provider","description_kind":"plain","optional":true},"enable_permissive_configuration":{"type":"bool","description":"Only settable when `provider_type` is GitHub or GitHubEnterprise. When set, Allows authentication without any restrictions. For security best practices, it is recommended to add restrictions to limit access and enforce stricter controls. Use with caution, as this may grant broader access.","description_kind":"markdown","optional":true},"issuer_url":{"type":"string","description":"OIDC issuer URL. For GitHub actions, the URL must start with https://token.actions.githubusercontent.com.","description_kind":"plain","required":true},"name":{"type":"string","description":"Name of the OIDC provider","description_kind":"plain","required":true},"organization":{"type":"string","description":"This field is mandatory, when `provider_type` is GitHub or GitHubEnterprise. Informational field that you can use to include details of the organization that uses the OIDC configuration.","description_kind":"plain","optional":true},"project_key":{"type":"string","description":"If set, this Identity Configuration will be available in the scope of the given project (editable by platform admin and project admin). If not set, this Identity Configuration will be global and only editable by platform admin. Once set, the projectKey cannot be changed.","description_kind":"plain","optional":true},"provider_type":{"type":"string","description":"Type of OIDC provider. Can be `generic`, `GitHub`, `GitHubEnterprise` or `Azure`.","description_kind":"markdown","required":true},"use_default_proxy":{"type":"bool","description":"This enables and disables the default proxy for OIDC integration. If enabled, the OIDC mechanism will utilize the default proxy for all OIDC requests. If disabled, the OIDC mechanism does not use any proxy for all OIDC requests. Before enabling this functionality you must configure the default proxy.","description_kind":"markdown","optional":true,"computed":true}},"description":"Manage OIDC configuration in JFrog platform. See the JFrog [OIDC configuration documentation](https://jfrog.com/help/r/jfrog-platform-administration-documentation/configure-an-oidc-integration) for more information.","description_kind":"markdown"}},"platform_oidc_identity_mapping":{"version":0,"block":{"attributes":{"claims_json":{"type":"string","description":"Claims JSON from the OIDC provider. Use [Terraform jsonencode function](https://developer.hashicorp.com/terraform/language/functions/jsonencode) to encode the JSON string. Claims constitute the payload part of a JSON web token and represent a set of information exchanged between two parties. The JWT standard distinguishes between reserved claims, public claims, and private claims. In API Gateway context, both public claims and private claims are considered custom claims. For example, an ID token (which is always a JWT) can contain a claim called that asserts that the name of the user authenticating is \"John Doe\". In a JWT, a claim appears as a name/value pair where the name is always a string and the value can be any JSON value.","description_kind":"markdown","required":true},"description":{"type":"string","description":"Description of the OIDC mapping","description_kind":"plain","optional":true},"name":{"type":"string","description":"Name of the OIDC identity mapping","description_kind":"plain","required":true},"priority":{"type":"number","description":"Priority of the identity mapping. The priority should be a number. The higher priority is set for the lower number. If you do not enter a value, the identity mapping is assigned the lowest priority. We recommend that you assign the highest priority (1) to the strongest permission gate. Set the lowest priority to the weakest permission for a logical and effective access control setup.","description_kind":"plain","required":true},"project_key":{"type":"string","description":"If set, this Identity Mapping will be available in the scope of the given project (editable by platform admin and project admin). If not set, this Identity Mapping will be global and only editable by platform admin. Once set, the projectKey cannot be changed.","description_kind":"plain","optional":true},"provider_name":{"type":"string","description":"Name of the OIDC configuration","description_kind":"plain","required":true},"token_spec":{"nested_type":{"attributes":{"audience":{"type":"string","description":"Sets of (space separated) the JFrog services to which the mapping applies. Default value is `*@*`, which applies to all services.","description_kind":"markdown","optional":true,"computed":true},"expires_in":{"type":"number","description":"Token expiry time in seconds. Default value is 60.","description_kind":"markdown","optional":true,"computed":true},"groups_pattern":{"type":"string","description":"Provide a pattern which is used to map OIDC groups to Artifactory groups.","description_kind":"plain","optional":true},"scope":{"type":"string","description":"Scope of the token. Must start with `applied-permissions/user`, `applied-permissions/admin`, `applied-permissions/roles:`, or `applied-permissions/groups:`. Group names must be comma-separated, double quotes wrapped, e.g. `applied-permissions/groups:\\\"readers\\\",\\\"my-group\\\",` Role permissions are only applicable when in project scope and must be comma-separated, double quotes wrapped, e.g. `applied-permissions:roles:\u003cproject-key\u003e:\"Developer\",\"Viewer\". `username` is also required when setting role permission.","description_kind":"markdown","optional":true},"username":{"type":"string","description":"User name of the OIDC user. Not applicable when `scope` is set to `applied-permissions/groups`. Must be set when `scope` is set to `applied-permissions/roles`.","description_kind":"plain","optional":true},"username_pattern":{"type":"string","description":"Provide a pattern which is used to map OIDC user to Artifactory user.","description_kind":"plain","optional":true}},"nesting_mode":"single"},"description":"Specifications of the token. In case of success, a token with the following details will be generated and passed to OIDC Provider.","description_kind":"plain","required":true}},"description":"Manage OIDC identity mapping for an OIDC configuration in JFrog platform. See the JFrog [OIDC identity mappings documentation](https://jfrog.com/help/r/jfrog-platform-administration-documentation/configure-identity-mappings) for more information.","description_kind":"markdown"}},"platform_permission":{"version":1,"block":{"attributes":{"artifact":{"nested_type":{"attributes":{"actions":{"nested_type":{"attributes":{"groups":{"nested_type":{"attributes":{"name":{"type":"string","description_kind":"plain","required":true},"permissions":{"type":["set","string"],"description":"**READ**: Downloads artifacts and reads the metadata.\n**ANNOTATE**: Annotates artifacts and folders with metadata and properties.\n**WRITE**: Deploys artifacts \u0026 deploys to remote repository caches.\n**DELETE**: Deletes or overwrites artifacts.\n**SCAN**: Triggers Xray scans on artifacts in repositories. Creates and deletes custom issues and license.\n**MANAGE**: Allows changing the permission settings for other users in this permission target. It does not permit adding/removing resources to the permission target.","description_kind":"markdown","required":true}},"nesting_mode":"set"},"description_kind":"plain","optional":true,"computed":true},"users":{"nested_type":{"attributes":{"name":{"type":"string","description_kind":"plain","required":true},"permissions":{"type":["set","string"],"description":"**READ**: Downloads artifacts and reads the metadata.\n**ANNOTATE**: Annotates artifacts and folders with metadata and properties.\n**WRITE**: Deploys artifacts \u0026 deploys to remote repository caches.\n**DELETE**: Deletes or overwrites artifacts.\n**SCAN**: Triggers Xray scans on artifacts in repositories. Creates and deletes custom issues and license.\n**MANAGE**: Allows changing the permission settings for other users in this permission target. It does not permit adding/removing resources to the permission target.","description_kind":"markdown","required":true}},"nesting_mode":"set"},"description_kind":"plain","optional":true,"computed":true}},"nesting_mode":"single"},"description":"Either one of `users` or `groups` attribute must be set.","description_kind":"markdown","optional":true},"targets":{"nested_type":{"attributes":{"exclude_patterns":{"type":["set","string"],"description":"Simple comma separated wildcard patterns for **existing and future** repository artifact paths (with no leading slash). Ant-style path expressions are supported (*, **, ?). For example: `org/apache/**`","description_kind":"markdown","optional":true},"include_patterns":{"type":["set","string"],"description":"Simple comma separated wildcard patterns for **existing and future** repository artifact paths (with no leading slash). Ant-style path expressions are supported (*, **, ?). For example: `org/apache/**`","description_kind":"markdown","optional":true,"computed":true},"name":{"type":"string","description":"Specify repository key as name. Use `ANY LOCAL`, `ANY REMOTE`, or `ANY DISTRIBUTION` for any repository type.","description_kind":"markdown","required":true}},"nesting_mode":"set"},"description":"When `artifact` is specified, `targets` must contain at least one target. Empty targets are not allowed.","description_kind":"markdown","required":true}},"nesting_mode":"single"},"description":"Defines the repositories to be used or excluded.","description_kind":"plain","optional":true},"build":{"nested_type":{"attributes":{"actions":{"nested_type":{"attributes":{"groups":{"nested_type":{"attributes":{"name":{"type":"string","description_kind":"plain","required":true},"permissions":{"type":["set","string"],"description":"**READ**: View and downloads build info artifacts from the artifactory-build-info default repository and reads the corresponding build in the Builds page.\n**ANNOTATE**: Annotates build info artifacts and folders with metadata and properties.\n**WRITE**: Allows uploading and promoting build info artifacts.\n**DELETE**: Deletes build info artifacts.\n**SCAN**: Triggers Xray scans on builds. Creates and deletes custom issues and license.\n**MANAGE**: Allows changing build info permission settings for other users in this permission target. It does not permit adding/removing resources to the permission target.","description_kind":"markdown","required":true}},"nesting_mode":"set"},"description_kind":"plain","optional":true,"computed":true},"users":{"nested_type":{"attributes":{"name":{"type":"string","description_kind":"plain","required":true},"permissions":{"type":["set","string"],"description":"**READ**: View and downloads build info artifacts from the artifactory-build-info default repository and reads the corresponding build in the Builds page.\n**ANNOTATE**: Annotates build info artifacts and folders with metadata and properties.\n**WRITE**: Allows uploading and promoting build info artifacts.\n**DELETE**: Deletes build info artifacts.\n**SCAN**: Triggers Xray scans on builds. Creates and deletes custom issues and license.\n**MANAGE**: Allows changing build info permission settings for other users in this permission target. It does not permit adding/removing resources to the permission target.","description_kind":"markdown","required":true}},"nesting_mode":"set"},"description_kind":"plain","optional":true,"computed":true}},"nesting_mode":"single"},"description":"Either one of `users` or `groups` attribute must be set.","description_kind":"markdown","optional":true},"targets":{"nested_type":{"attributes":{"exclude_patterns":{"type":["set","string"],"description":"Use Ant-style wildcard patterns to specify **existing and future** build names (i.e. artifact paths) in the build info repository (without a leading slash) that will be excluded from this permission target. Ant-style path expressions are supported (*, **, ?). For example, an `apache/**` pattern will exclude the \"apache\" build info from the permission.","description_kind":"markdown","optional":true},"include_patterns":{"type":["set","string"],"description":"Use Ant-style wildcard patterns to specify **existing and future** build names (i.e. artifact paths) in the build info repository (without a leading slash) that will be included in this permission target. Ant-style path expressions are supported (*, **, ?). For example, an `apache/**` pattern will include the \"apache\" build info in the permission.","description_kind":"markdown","optional":true,"computed":true},"name":{"type":"string","description":"Specify build info repository name. Any custom build info repository name is allowed (e.g. `artifactory-build-info` or a custom repository). Specify build name as part of the `include_patterns` or `exclude_patterns`.","description_kind":"markdown","required":true}},"nesting_mode":"set"},"description":"When `build` is specified, `targets` must contain exactly one target. Multiple targets are not allowed.","description_kind":"markdown","required":true}},"nesting_mode":"single"},"description":"Defines the builds to be used or excluded.","description_kind":"plain","optional":true},"destination":{"nested_type":{"attributes":{"actions":{"nested_type":{"attributes":{"groups":{"nested_type":{"attributes":{"name":{"type":"string","description_kind":"plain","required":true},"permissions":{"type":["set","string"],"description":"**EXECUTE**: Distributes Release Bundles according to their destination permissions.\n**DELETE**: Deletes Release Bundles from the selected destinations.\n**MANAGE**: Adds and deletes users who can distribute Release Bundles on assigned destinations.","description_kind":"markdown","required":true}},"nesting_mode":"set"},"description_kind":"plain","optional":true,"computed":true},"users":{"nested_type":{"attributes":{"name":{"type":"string","description_kind":"plain","required":true},"permissions":{"type":["set","string"],"description":"**EXECUTE**: Distributes Release Bundles according to their destination permissions.\n**DELETE**: Deletes Release Bundles from the selected destinations.\n**MANAGE**: Adds and deletes users who can distribute Release Bundles on assigned destinations.","description_kind":"markdown","required":true}},"nesting_mode":"set"},"description_kind":"plain","optional":true,"computed":true}},"nesting_mode":"single"},"description":"Either one of `users` or `groups` attribute must be set.","description_kind":"markdown","optional":true},"targets":{"nested_type":{"attributes":{"exclude_patterns":{"type":["set","string"],"description":"Simple wildcard patterns for existing and future JPD or city names. Ant-style path expressions are supported (*, **, ?). For example: `site_*` or `New*`","description_kind":"markdown","optional":true},"include_patterns":{"type":["set","string"],"description":"Simple wildcard patterns for existing and future JPD or city names. Ant-style path expressions are supported (*, **, ?). For example: `site_*` or `New*`","description_kind":"markdown","optional":true,"computed":true},"name":{"type":"string","description":"Specify destination name as name. Use `*` to include all destinations.","description_kind":"markdown","required":true}},"nesting_mode":"set"},"description":"When `destination` is specified, `targets` must contain at least one target. Empty targets are not allowed.","description_kind":"markdown","required":true}},"nesting_mode":"single"},"description":"Defines the destinations to be used or excluded.","description_kind":"plain","optional":true},"name":{"type":"string","description":"Permission name","description_kind":"plain","required":true},"pipeline_source":{"nested_type":{"attributes":{"actions":{"nested_type":{"attributes":{"groups":{"nested_type":{"attributes":{"name":{"type":"string","description_kind":"plain","required":true},"permissions":{"type":["set","string"],"description":"**READ**: View the available pipeline sources.\n**EXECUTE**: Manually trigger execution of steps.\n**MANAGE**: Create and edit pipeline sources.","description_kind":"markdown","required":true}},"nesting_mode":"set"},"description_kind":"plain","optional":true,"computed":true},"users":{"nested_type":{"attributes":{"name":{"type":"string","description_kind":"plain","required":true},"permissions":{"type":["set","string"],"description":"**READ**: View the available pipeline sources.\n**EXECUTE**: Manually trigger execution of steps.\n**MANAGE**: Create and edit pipeline sources.","description_kind":"markdown","required":true}},"nesting_mode":"set"},"description_kind":"plain","optional":true,"computed":true}},"nesting_mode":"single"},"description":"Either one of `users` or `groups` attribute must be set.","description_kind":"markdown","optional":true},"targets":{"nested_type":{"attributes":{"exclude_patterns":{"type":["set","string"],"description":"Use Ant-style wildcard patterns to specify the full repository name of the **existing and future** pipeline sources that will be excluded from this permission. The pattern should have the following format: `{FULL_REPOSITORY_NAME_PATTERN}/**`. Ant-style path expressions are supported (*, **, ?). For example, the pattern `*/*test*/**` will exclude all repositories that contain the word \"test\" regardless of the repository owner.","description_kind":"markdown","optional":true},"include_patterns":{"type":["set","string"],"description":"Use Ant-style wildcard patterns to specify the full repository name of the **existing and future** pipeline sources that will be included in this permission. The pattern should have the following format: `{FULL_REPOSITORY_NAME_PATTERN}/**`. Ant-style path expressions are supported (*, **, ?). For example, the pattern `*/*test*/**` will include all repositories that contain the word \"test\" regardless of the repository owner.","description_kind":"markdown","optional":true,"computed":true},"name":{"type":"string","description":"Specify pipeline source name as name. Use `*` to include all pipeline sources.","description_kind":"markdown","required":true}},"nesting_mode":"set"},"description":"When `pipeline_source` is specified, `targets` must contain at least one target. Empty targets are not allowed.","description_kind":"markdown","required":true}},"nesting_mode":"single"},"description":"Defines the pipeline sources to be used or excluded.","description_kind":"plain","optional":true},"release_bundle":{"nested_type":{"attributes":{"actions":{"nested_type":{"attributes":{"groups":{"nested_type":{"attributes":{"name":{"type":"string","description_kind":"plain","required":true},"permissions":{"type":["set","string"],"description":"**READ**: Views and downloads Release Bundle artifacts from the relevant Release Bundle repository and reads the corresponding Release Bundles in the Distribution page.\n**ANNOTATE**: Annotates Release Bundle artifacts and folder with metadata and properties.\n**WRITE**: Creates Release Bundles.\n**EXECUTE**: Allows users to promote Release Bundles v2 to a selected target environment and is a prerequisite for distributing Release Bundles (v1 \u0026 v2) to Distribution Edge nodes.\n**DELETE**: Deletes Release Bundles.\n**SCAN** Xray Metadata: Triggers Xray scans on Release Bundles. Creates and deletes custom issues and license.\n**MANAGE**: Allows changing Release Bundle permission settings for other users in this permission target. It does not permit adding/removing resources to the permission target.","description_kind":"markdown","required":true}},"nesting_mode":"set"},"description_kind":"plain","optional":true,"computed":true},"users":{"nested_type":{"attributes":{"name":{"type":"string","description_kind":"plain","required":true},"permissions":{"type":["set","string"],"description":"**READ**: Views and downloads Release Bundle artifacts from the relevant Release Bundle repository and reads the corresponding Release Bundles in the Distribution page.\n**ANNOTATE**: Annotates Release Bundle artifacts and folder with metadata and properties.\n**WRITE**: Creates Release Bundles.\n**EXECUTE**: Allows users to promote Release Bundles v2 to a selected target environment and is a prerequisite for distributing Release Bundles (v1 \u0026 v2) to Distribution Edge nodes.\n**DELETE**: Deletes Release Bundles.\n**SCAN** Xray Metadata: Triggers Xray scans on Release Bundles. Creates and deletes custom issues and license.\n**MANAGE**: Allows changing Release Bundle permission settings for other users in this permission target. It does not permit adding/removing resources to the permission target.","description_kind":"markdown","required":true}},"nesting_mode":"set"},"description_kind":"plain","optional":true,"computed":true}},"nesting_mode":"single"},"description":"Either one of `users` or `groups` attribute must be set.","description_kind":"markdown","optional":true},"targets":{"nested_type":{"attributes":{"exclude_patterns":{"type":["set","string"],"description":"Simple wildcard patterns for **existing and future** Release Bundle names. Ant-style path expressions are supported (*, **, ?). For example: `product_*/**`","description_kind":"markdown","optional":true},"include_patterns":{"type":["set","string"],"description":"Simple wildcard patterns for **existing and future** Release Bundle names. Ant-style path expressions are supported (*, **, ?). For example: `product_*/**`","description_kind":"markdown","optional":true,"computed":true},"name":{"type":"string","description":"Specify release bundle repository key as name.","description_kind":"markdown","required":true}},"nesting_mode":"set"},"description":"When `release_bundle` is specified, `targets` must contain at least one target. Empty targets are not allowed.","description_kind":"markdown","required":true}},"nesting_mode":"single"},"description":"Defines the release bundles to be used or excluded.","description_kind":"plain","optional":true}},"description":"Provides a JFrog [permission](https://jfrog.com/help/r/jfrog-platform-administration-documentation/permissions) resource to manage how users and groups access JFrog resources. This resource is applicable for the next-generation permissions model and fully backwards compatible with the legacy `artifactory_permission_target` resource in Artifactory provider.","description_kind":"markdown"}},"platform_reverse_proxy":{"version":0,"block":{"attributes":{"docker_reverse_proxy_method":{"type":"string","description":"Docker access method. The default value is SUBDOMAIN. Supported values: SUBDOMAIN, REPOPATHPREFIX, PORTPERREPO.","description_kind":"plain","optional":true,"computed":true},"http_port":{"type":"number","description":"The port for access via HTTP. The default value is 80. Only settable when `server_provider` is set to `NIGNIX` or `APACHE`","description_kind":"plain","optional":true,"computed":true},"https_port":{"type":"number","description":"The port for access via HTTPS. The default value is 443. Only settable when `use_https` is set to `true`","description_kind":"plain","optional":true,"computed":true},"internal_hostname":{"type":"string","description":"The internal server name for Artifactory which will be used by the web server to access the Artifactory machine. If the web server is installed on the same machine as Artifactory you can use localhost, otherwise use the IP or hostname. Must be set when `server_provider` is set to `NIGNIX` or `APACHE`","description_kind":"plain","optional":true},"public_server_name":{"type":"string","description":"The server name that will be used to access Artifactory. Should be correlated with the base URL value. Must be set when `server_provider` is set to `NIGNIX` or `APACHE`","description_kind":"plain","optional":true},"server_provider":{"type":"string","description":"Set the server provider type. Supported values: DIRECT, NGINX, APACHE.","description_kind":"plain","required":true},"ssl_certificate_path":{"type":"string","description":"The full path of the certificate file on the web server, e.g. `/etc/ssl/certs/myserver.crt`. Must be set when `use_https` is set to `true`","description_kind":"plain","optional":true},"ssl_key_path":{"type":"string","description":"The full path of the key file on the web server, e.g. `/etc/ssl/private/myserver.key`. Must be set when `use_https` is set to `true`","description_kind":"plain","optional":true},"use_https":{"type":"bool","description":"When set, Artifactory will be accessible via HTTPS at the corresponding port that is set. Only settable when `server_provider` is set to `NIGNIX` or `APACHE`","description_kind":"plain","optional":true,"computed":true}},"description":"Provides a JFrog [Reverse Proxy](https://jfrog.com/help/r/jfrog-artifactory-documentation/reverse-proxy-settings) resource.\n\n~\u003eOnly available for self-hosted instances.","description_kind":"markdown"}},"platform_saml_settings":{"version":2,"block":{"attributes":{"allow_user_to_access_profile":{"type":"bool","description":"When set, auto created users will have access to their profile page and will be able to perform actions such as generating an API key. Default value is `false`.","description_kind":"markdown","optional":true,"computed":true},"auto_redirect":{"type":"bool","description":"When set, clicking on the login link will direct users to the configured SAML login URL. Default value is `false`.","description_kind":"markdown","optional":true,"computed":true},"auto_user_creation":{"type":"bool","description":"When set, authenticated users are automatically created in Artifactory. When not set, for every request from an SSO user, the user is temporarily associated with default groups (if such groups are defined), and the permissions for these groups apply. Without automatic user creation, you must manually create the user inside Artifactory to manage user permissions not attached to their default groups. Default value is `true`.","description_kind":"markdown","optional":true,"computed":true},"certificate":{"type":"string","description":"The certificate for SAML Authentication in Base64 format. NOTE! The certificate must contain the public key to allow Artifactory to verify sign-in requests.","description_kind":"markdown","required":true,"sensitive":true},"email_attribute":{"type":"string","description":"If `auto_user_creation` is enabled or an internal user exists, the system will set the user's email to the value in this attribute that is returned by the SAML login XML response.","description_kind":"markdown","optional":true},"enable":{"type":"bool","description":"When set, SAML integration is enabled and users may be authenticated via a SAML server. Default value is `true`.","description_kind":"markdown","optional":true,"computed":true},"group_attribute":{"type":"string","description":"The group attribute in the SAML login XML response. Note that the system will search for a case-sensitive match to an existing group..","description_kind":"markdown","optional":true},"ldap_group_settings":{"type":["set","string"],"description":"List of LDAP group setting names. Only support in Artifactory 7.98 or later. See [Enabling Synchronization of LDAP Groups for SAML SSO](https://jfrog.com/help/r/jfrog-platform-administration-documentation/enabling-synchronization-of-ldap-groups-for-saml-sso) for more details.","description_kind":"markdown","optional":true},"login_url":{"type":"string","description":"The identity provider login URL (when you try to login, the service provider redirects to this URL).","description_kind":"plain","required":true},"logout_url":{"type":"string","description":"The identity provider logout URL (when you try to logout, the service provider redirects to this URL).","description_kind":"plain","required":true},"name":{"type":"string","description":"SAML Settings name.","description_kind":"plain","required":true},"name_id_attribute":{"type":"string","description":"The username attribute used to configure the SSO URL for the identity provider.","description_kind":"markdown","optional":true},"service_provider_name":{"type":"string","description":"The SAML service provider name. This should be a URI that is also known as the entityID, providerID, or entity identity.","description_kind":"markdown","required":true},"sync_groups":{"type":"bool","description":"When set, in addition to the groups the user is already associated with, he will also be associated with the groups returned in the SAML login response. Note that the user's association with the returned groups is not persistent. It is only valid for the current login session. Default value is `false`.","description_kind":"markdown","optional":true,"computed":true},"use_encrypted_assertion":{"type":"bool","description":"When set, an X.509 public certificate will be created by Artifactory. Download this certificate and upload it to your IDP and choose your own encryption algorithm. This process will let you encrypt the assertion section in your SAML response. Default value is `false`.","description_kind":"markdown","optional":true,"computed":true},"verify_audience_restriction":{"type":"bool","description":"Set this flag to specify who the assertion is intended for. The \"audience\" will be the service provider and is typically a URL but can technically be formatted as any string of data. Default value is `true`.","description_kind":"markdown","optional":true,"computed":true}},"description":"Provides a JFrog [SAML SSO Settings](https://jfrog.com/help/r/jfrog-platform-administration-documentation/saml-sso) resource.\n\n~\u003eOnly available for self-hosted instances.","description_kind":"markdown"}},"platform_scim_group":{"version":0,"block":{"attributes":{"display_name":{"type":"string","description_kind":"plain","required":true},"id":{"type":"string","description":"Group ID","description_kind":"plain","required":true},"members":{"nested_type":{"attributes":{"display":{"type":"string","description_kind":"plain","required":true},"value":{"type":"string","description_kind":"plain","required":true}},"nesting_mode":"set"},"description_kind":"plain","required":true},"meta":{"type":["map","string"],"description_kind":"plain","computed":true}},"description":"Provides a JFrog [SCIM Group](https://jfrog.com/help/r/jfrog-platform-administration-documentation/scim) resource to manage groups with the SCIM protocol.","description_kind":"markdown"}},"platform_scim_user":{"version":0,"block":{"attributes":{"active":{"type":"bool","description_kind":"plain","optional":true,"computed":true},"emails":{"nested_type":{"attributes":{"primary":{"type":"bool","description_kind":"plain","required":true},"value":{"type":"string","description_kind":"plain","required":true}},"nesting_mode":"set"},"description_kind":"plain","required":true},"groups":{"nested_type":{"attributes":{"value":{"type":"string","description_kind":"plain","required":true}},"nesting_mode":"set"},"description_kind":"plain","computed":true},"meta":{"type":["map","string"],"description_kind":"plain","computed":true},"username":{"type":"string","description_kind":"plain","required":true}},"description":"Provides a JFrog [SCIM User](https://jfrog.com/help/r/jfrog-platform-administration-documentation/scim) resource to manage users with the SCIM protocol.","description_kind":"markdown"}},"platform_workers_service":{"version":0,"block":{"attributes":{"action":{"type":"string","description":"The worker action with which the worker is associated. Valid values: BEFORE_DOWNLOAD, AFTER_DOWNLOAD, BEFORE_UPLOAD, AFTER_CREATE, AFTER_BUILD_INFO_SAVE, AFTER_MOVE, BEFORE_PROPERTY_CREATE, BEFORE_PROPERTY_DELETE, AFTER_PROPERTY_CREATE, AFTER_PROPERTY_DELETE","description_kind":"plain","required":true},"description":{"type":"string","description":"Description of the worker.","description_kind":"plain","optional":true},"enabled":{"type":"bool","description":"Whether to enable the worker immediately after creation.","description_kind":"plain","required":true},"filter_criteria":{"nested_type":{"attributes":{"artifact_filter_criteria":{"nested_type":{"attributes":{"exclude_patterns":{"type":["set","string"],"description":"Define patterns to for all repository paths for repositories to be excluded in the repoKeys. Defines those repositories that do not trigger the worker.","description_kind":"plain","optional":true},"include_patterns":{"type":["set","string"],"description":"Define patterns to match all repository paths for repositories identified in the repoKeys. Defines those repositories that trigger the worker.","description_kind":"plain","optional":true},"repo_keys":{"type":["set","string"],"description":"Defines which repositories are used when an action event occurs to trigger the worker.","description_kind":"plain","required":true}},"nesting_mode":"single"},"description_kind":"plain","required":true}},"nesting_mode":"single"},"description":"Defines the repositories to be used or excluded.","description_kind":"plain","required":true},"key":{"type":"string","description":"The unique ID of the worker.","description_kind":"plain","required":true},"secrets":{"nested_type":{"attributes":{"key":{"type":"string","description":"The name of the secret.","description_kind":"plain","required":true},"value":{"type":"string","description":"The name of the secret.","description_kind":"plain","required":true}},"nesting_mode":"set"},"description":"The secrets to be added to the worker.","description_kind":"plain","optional":true},"source_code":{"type":"string","description":"The worker script in TypeScript or JavaScript.","description_kind":"plain","required":true}},"description":"Provides a JFrog [Workers Service](https://jfrog.com/help/r/jfrog-platform-administration-documentation/workers-service) resource. This can be used to create and manage Workers Service.\n\n-\u003eFrom Artifactory 7.94 the Workers service will be available in a general availability release to Enterprise X and Enterprise+ licenses.","description_kind":"plain"}}}}}}
